{
  "name": "packageA",
  "version": "1.0.0",
  "lockfileVersion": 1,
  "requires": true,
  "dependencies": {
    "zod": {
      "version": "3.5.1",
      "resolved": "https://registry.npmjs.org/zod/-/zod-3.5.1.tgz",
      "integrity": "sha512-Gg9GTai0iDHowuYM9VNhdFMmesgt44ufzqaE5CPHshpuK5fCzbibdqCnrWuYH6ZmOn/N+BlGmwZtVSijhKmhKw=="
    }
  }
}
